
Microsoft Visual Studio Solution File, Format Version 12.00
# Visual Studio Version 16
VisualStudioVersion = 16.0.32228.343
MinimumVisualStudioVersion = 10.0.40219.1
Project("{9A19103F-16F7-4668-BE54-9A1E7A4F7556}") = "MinhaPrimeiraAPI1", "MinhaPrimeiraAPI1\MinhaPrimeiraAPI1.csproj", "{7E7E1D69-5BE5-4EEA-B924-2BD81252D6C3}"
EndProject
Global
	GlobalSection(SolutionConfigurationPlatforms) = preSolution
		Debug|Any CPU = Debug|Any CPU
		Release|Any CPU = Release|Any CPU
	EndGlobalSection
	GlobalSection(ProjectConfigurationPlatforms) = postSolution
		{7E7E1D69-5BE5-4EEA-B924-2BD81252D6C3}.Debug|Any CPU.ActiveCfg = Debug|Any CPU
		{7E7E1D69-5BE5-4EEA-B924-2BD81252D6C3}.Debug|Any CPU.Build.0 = Debug|Any CPU
		{7E7E1D69-5BE5-4EEA-B924-2BD81252D6C3}.Release|Any CPU.ActiveCfg = Release|Any CPU
		{7E7E1D69-5BE5-4EEA-B924-2BD81252D6C3}.Release|Any CPU.Build.0 = Release|Any CPU
	EndGlobalSection
	GlobalSection(SolutionProperties) = preSolution
		HideSolutionNode = FALSE
	EndGlobalSection
	GlobalSection(ExtensibilityGlobals) = postSolution
		SolutionGuid = {BEAFC4B1-8D86-4505-B212-C3C5127D5827}
	EndGlobalSection
EndGlobal
